
Microsoft Visual Studio Solution File, Format Version 12.00
# Visual Studio Version 17
VisualStudioVersion = 17.11.35312.102
MinimumVisualStudioVersion = 10.0.40219.1
Project("{8BC9CEB8-8B4A-11D0-8D11-00A0C91BC942}") = "그래픽스및실습_과제6_2020136150_배경민", "그래픽스및실습_과제6_2020136150_배경민.vcxproj", "{DCCC516A-D473-4DFA-9EC6-3D585E444F93}"
EndProject
Global
	GlobalSection(SolutionConfigurationPlatforms) = preSolution
		Debug|x64 = Debug|x64
		Debug|x86 = Debug|x86
		Release|x64 = Release|x64
		Release|x86 = Release|x86
	EndGlobalSection
	GlobalSection(ProjectConfigurationPlatforms) = postSolution
		{DCCC516A-D473-4DFA-9EC6-3D585E444F93}.Debug|x64.ActiveCfg = Debug|x64
		{DCCC516A-D473-4DFA-9EC6-3D585E444F93}.Debug|x64.Build.0 = Debug|x64
		{DCCC516A-D473-4DFA-9EC6-3D585E444F93}.Debug|x86.ActiveCfg = Debug|Win32
		{DCCC516A-D473-4DFA-9EC6-3D585E444F93}.Debug|x86.Build.0 = Debug|Win32
		{DCCC516A-D473-4DFA-9EC6-3D585E444F93}.Release|x64.ActiveCfg = Release|x64
		{DCCC516A-D473-4DFA-9EC6-3D585E444F93}.Release|x64.Build.0 = Release|x64
		{DCCC516A-D473-4DFA-9EC6-3D585E444F93}.Release|x86.ActiveCfg = Release|Win32
		{DCCC516A-D473-4DFA-9EC6-3D585E444F93}.Release|x86.Build.0 = Release|Win32
	EndGlobalSection
	GlobalSection(SolutionProperties) = preSolution
		HideSolutionNode = FALSE
	EndGlobalSection
	GlobalSection(ExtensibilityGlobals) = postSolution
		SolutionGuid = {D2708FED-E9E7-41B7-AC7D-E0B51AF0482C}
	EndGlobalSection
EndGlobal
